// !$*UTF8*$!
{
	archiveVersion = 1;
	classes = {
	};
	objectVersion = 50;
	objects = {

/* Begin PBXBuildFile section */
		B1207EA924736B69002BBB45 /* AppDelegate.swift in Sources */ = {isa = PBXBuildFile; fileRef = B1207EA824736B69002BBB45 /* AppDelegate.swift */; };
		B1207EAB24736B69002BBB45 /* SceneDelegate.swift in Sources */ = {isa = PBXBuildFile; fileRef = B1207EAA24736B69002BBB45 /* SceneDelegate.swift */; };
		B1207EAD24736B69002BBB45 /* RecordRunViewController.swift in Sources */ = {isa = PBXBuildFile; fileRef = B1207EAC24736B69002BBB45 /* RecordRunViewController.swift */; };
		B1207EB024736B69002BBB45 /* Main.storyboard in Resources */ = {isa = PBXBuildFile; fileRef = B1207EAE24736B69002BBB45 /* Main.storyboard */; };
		B1207EB224736B6A002BBB45 /* Assets.xcassets in Resources */ = {isa = PBXBuildFile; fileRef = B1207EB124736B6A002BBB45 /* Assets.xcassets */; };
		B1207EB524736B6A002BBB45 /* LaunchScreen.storyboard in Resources */ = {isa = PBXBuildFile; fileRef = B1207EB324736B6A002BBB45 /* LaunchScreen.storyboard */; };
		B1207EC0247370E3002BBB45 /* Run.swift in Sources */ = {isa = PBXBuildFile; fileRef = B1207EBF247370E3002BBB45 /* Run.swift */; };
		B1207EC224737214002BBB45 /* Location.swift in Sources */ = {isa = PBXBuildFile; fileRef = B1207EC124737214002BBB45 /* Location.swift */; };
		B1207EC424737409002BBB45 /* RoundButton.swift in Sources */ = {isa = PBXBuildFile; fileRef = B1207EC324737409002BBB45 /* RoundButton.swift */; };
		B1207EC72473778D002BBB45 /* LocationService.swift in Sources */ = {isa = PBXBuildFile; fileRef = B1207EC62473778D002BBB45 /* LocationService.swift */; };
		B152CAFA24761C9500AA7DBE /* RunPoint.swift in Sources */ = {isa = PBXBuildFile; fileRef = B152CAF924761C9500AA7DBE /* RunPoint.swift */; };
		B1C1C875248440F0002C395B /* MapHelpers.swift in Sources */ = {isa = PBXBuildFile; fileRef = B1C1C874248440F0002C395B /* MapHelpers.swift */; };
		B1ED18022480695400A887BF /* DisplayRunViewController.swift in Sources */ = {isa = PBXBuildFile; fileRef = B1ED18012480695400A887BF /* DisplayRunViewController.swift */; };
		B1ED180424807D9A00A887BF /* UIVIew+takeScreenShot.swift in Sources */ = {isa = PBXBuildFile; fileRef = B1ED180324807D9A00A887BF /* UIVIew+takeScreenShot.swift */; };
/* End PBXBuildFile section */

/* Begin PBXFileReference section */
		B1207EA524736B69002BBB45 /* MyRunApp.app */ = {isa = PBXFileReference; explicitFileType = wrapper.application; includeInIndex = 0; path = MyRunApp.app; sourceTree = BUILT_PRODUCTS_DIR; };
		B1207EA824736B69002BBB45 /* AppDelegate.swift */ = {isa = PBXFileReference; lastKnownFileType = sourcecode.swift; path = AppDelegate.swift; sourceTree = "<group>"; };
		B1207EAA24736B69002BBB45 /* SceneDelegate.swift */ = {isa = PBXFileReference; lastKnownFileType = sourcecode.swift; path = SceneDelegate.swift; sourceTree = "<group>"; };
		B1207EAC24736B69002BBB45 /* RecordRunViewController.swift */ = {isa = PBXFileReference; lastKnownFileType = sourcecode.swift; path = RecordRunViewController.swift; sourceTree = "<group>"; };
		B1207EAF24736B69002BBB45 /* Base */ = {isa = PBXFileReference; lastKnownFileType = file.storyboard; name = Base; path = Base.lproj/Main.storyboard; sourceTree = "<group>"; };
		B1207EB124736B6A002BBB45 /* Assets.xcassets */ = {isa = PBXFileReference; lastKnownFileType = folder.assetcatalog; path = Assets.xcassets; sourceTree = "<group>"; };
		B1207EB424736B6A002BBB45 /* Base */ = {isa = PBXFileReference; lastKnownFileType = file.storyboard; name = Base; path = Base.lproj/LaunchScreen.storyboard; sourceTree = "<group>"; };
		B1207EB624736B6A002BBB45 /* Info.plist */ = {isa = PBXFileReference; lastKnownFileType = text.plist.xml; path = Info.plist; sourceTree = "<group>"; };
		B1207EBF247370E3002BBB45 /* Run.swift */ = {isa = PBXFileReference; lastKnownFileType = sourcecode.swift; path = Run.swift; sourceTree = "<group>"; };
		B1207EC124737214002BBB45 /* Location.swift */ = {isa = PBXFileReference; lastKnownFileType = sourcecode.swift; path = Location.swift; sourceTree = "<group>"; };
		B1207EC324737409002BBB45 /* RoundButton.swift */ = {isa = PBXFileReference; lastKnownFileType = sourcecode.swift; path = RoundButton.swift; sourceTree = "<group>"; };
		B1207EC62473778D002BBB45 /* LocationService.swift */ = {isa = PBXFileReference; fileEncoding = 4; lastKnownFileType = sourcecode.swift; path = LocationService.swift; sourceTree = "<group>"; };
		B152CAF924761C9500AA7DBE /* RunPoint.swift */ = {isa = PBXFileReference; lastKnownFileType = sourcecode.swift; path = RunPoint.swift; sourceTree = "<group>"; };
		B1C1C874248440F0002C395B /* MapHelpers.swift */ = {isa = PBXFileReference; lastKnownFileType = sourcecode.swift; path = MapHelpers.swift; sourceTree = "<group>"; };
		B1ED18012480695400A887BF /* DisplayRunViewController.swift */ = {isa = PBXFileReference; lastKnownFileType = sourcecode.swift; path = DisplayRunViewController.swift; sourceTree = "<group>"; };
		B1ED180324807D9A00A887BF /* UIVIew+takeScreenShot.swift */ = {isa = PBXFileReference; lastKnownFileType = sourcecode.swift; path = "UIVIew+takeScreenShot.swift"; sourceTree = "<group>"; };
/* End PBXFileReference section */

/* Begin PBXFrameworksBuildPhase section */
		B1207EA224736B69002BBB45 /* Frameworks */ = {
			isa = PBXFrameworksBuildPhase;
			buildActionMask = 2147483647;
			files = (
			);
			runOnlyForDeploymentPostprocessing = 0;
		};
/* End PBXFrameworksBuildPhase section */

/* Begin PBXGroup section */
		B1207E9C24736B69002BBB45 = {
			isa = PBXGroup;
			children = (
				B1207EA724736B69002BBB45 /* MyRunApp */,
				B1207EA624736B69002BBB45 /* Products */,
			);
			sourceTree = "<group>";
		};
		B1207EA624736B69002BBB45 /* Products */ = {
			isa = PBXGroup;
			children = (
				B1207EA524736B69002BBB45 /* MyRunApp.app */,
			);
			name = Products;
			sourceTree = "<group>";
		};
		B1207EA724736B69002BBB45 /* MyRunApp */ = {
			isa = PBXGroup;
			children = (
				B1207EA824736B69002BBB45 /* AppDelegate.swift */,
				B1207EB124736B6A002BBB45 /* Assets.xcassets */,
				B1207EBC24737098002BBB45 /* Controllers */,
				B1207EC824737BAB002BBB45 /* Extensions */,
				B1C1C873248440D4002C395B /* Helpers */,
				B1207EB624736B6A002BBB45 /* Info.plist */,
				B1207EBE247370AB002BBB45 /* Models */,
				B1207EAA24736B69002BBB45 /* SceneDelegate.swift */,
				B1207EC524737772002BBB45 /* Services */,
				B1207EBD247370A4002BBB45 /* Views */,
			);
			path = MyRunApp;
			sourceTree = "<group>";
		};
		B1207EBC24737098002BBB45 /* Controllers */ = {
			isa = PBXGroup;
			children = (
				B1207EAC24736B69002BBB45 /* RecordRunViewController.swift */,
				B1ED18012480695400A887BF /* DisplayRunViewController.swift */,
			);
			path = Controllers;
			sourceTree = "<group>";
		};
		B1207EBD247370A4002BBB45 /* Views */ = {
			isa = PBXGroup;
			children = (
				B1207EAE24736B69002BBB45 /* Main.storyboard */,
				B1207EB324736B6A002BBB45 /* LaunchScreen.storyboard */,
				B1207EC324737409002BBB45 /* RoundButton.swift */,
			);
			path = Views;
			sourceTree = "<group>";
		};
		B1207EBE247370AB002BBB45 /* Models */ = {
			isa = PBXGroup;
			children = (
				B1207EBF247370E3002BBB45 /* Run.swift */,
				B1207EC124737214002BBB45 /* Location.swift */,
				B152CAF924761C9500AA7DBE /* RunPoint.swift */,
			);
			path = Models;
			sourceTree = "<group>";
		};
		B1207EC524737772002BBB45 /* Services */ = {
			isa = PBXGroup;
			children = (
				B1207EC62473778D002BBB45 /* LocationService.swift */,
			);
			path = Services;
			sourceTree = "<group>";
		};
		B1207EC824737BAB002BBB45 /* Extensions */ = {
			isa = PBXGroup;
			children = (
				B1ED180324807D9A00A887BF /* UIVIew+takeScreenShot.swift */,
			);
			path = Extensions;
			sourceTree = "<group>";
		};
		B1C1C873248440D4002C395B /* Helpers */ = {
			isa = PBXGroup;
			children = (
				B1C1C874248440F0002C395B /* MapHelpers.swift */,
			);
			path = Helpers;
			sourceTree = "<group>";
		};
/* End PBXGroup section */

/* Begin PBXNativeTarget section */
		B1207EA424736B69002BBB45 /* MyRunApp */ = {
			isa = PBXNativeTarget;
			buildConfigurationList = B1207EB924736B6A002BBB45 /* Build configuration list for PBXNativeTarget "MyRunApp" */;
			buildPhases = (
				B1207EA124736B69002BBB45 /* Sources */,
				B1207EA224736B69002BBB45 /* Frameworks */,
				B1207EA324736B69002BBB45 /* Resources */,
			);
			buildRules = (
			);
			dependencies = (
			);
			name = MyRunApp;
			productName = MyRunApp;
			productReference = B1207EA524736B69002BBB45 /* MyRunApp.app */;
			productType = "com.apple.product-type.application";
		};
/* End PBXNativeTarget section */

/* Begin PBXProject section */
		B1207E9D24736B69002BBB45 /* Project object */ = {
			isa = PBXProject;
			attributes = {
				LastSwiftUpdateCheck = 1140;
				LastUpgradeCheck = 1140;
				ORGANIZATIONNAME = AbneyAnalytics;
				TargetAttributes = {
					B1207EA424736B69002BBB45 = {
						CreatedOnToolsVersion = 11.4.1;
					};
				};
			};
			buildConfigurationList = B1207EA024736B69002BBB45 /* Build configuration list for PBXProject "MyRunApp" */;
			compatibilityVersion = "Xcode 9.3";
			developmentRegion = en;
			hasScannedForEncodings = 0;
			knownRegions = (
				en,
				Base,
			);
			mainGroup = B1207E9C24736B69002BBB45;
			productRefGroup = B1207EA624736B69002BBB45 /* Products */;
			projectDirPath = "";
			projectRoot = "";
			targets = (
				B1207EA424736B69002BBB45 /* MyRunApp */,
			);
		};
/* End PBXProject section */

/* Begin PBXResourcesBuildPhase section */
		B1207EA324736B69002BBB45 /* Resources */ = {
			isa = PBXResourcesBuildPhase;
			buildActionMask = 2147483647;
			files = (
				B1207EB524736B6A002BBB45 /* LaunchScreen.storyboard in Resources */,
				B1207EB224736B6A002BBB45 /* Assets.xcassets in Resources */,
				B1207EB024736B69002BBB45 /* Main.storyboard in Resources */,
			);
			runOnlyForDeploymentPostprocessing = 0;
		};
/* End PBXResourcesBuildPhase section */

/* Begin PBXSourcesBuildPhase section */
		B1207EA124736B69002BBB45 /* Sources */ = {
			isa = PBXSourcesBuildPhase;
			buildActionMask = 2147483647;
			files = (
				B152CAFA24761C9500AA7DBE /* RunPoint.swift in Sources */,
				B1ED180424807D9A00A887BF /* UIVIew+takeScreenShot.swift in Sources */,
				B1207EC72473778D002BBB45 /* LocationService.swift in Sources */,
				B1207EC424737409002BBB45 /* RoundButton.swift in Sources */,
				B1207EAD24736B69002BBB45 /* RecordRunViewController.swift in Sources */,
				B1207EC0247370E3002BBB45 /* Run.swift in Sources */,
				B1ED18022480695400A887BF /* DisplayRunViewController.swift in Sources */,
				B1207EC224737214002BBB45 /* Location.swift in Sources */,
				B1C1C875248440F0002C395B /* MapHelpers.swift in Sources */,
				B1207EA924736B69002BBB45 /* AppDelegate.swift in Sources */,
				B1207EAB24736B69002BBB45 /* SceneDelegate.swift in Sources */,
			);
			runOnlyForDeploymentPostprocessing = 0;
		};
/* End PBXSourcesBuildPhase section */

/* Begin PBXVariantGroup section */
		B1207EAE24736B69002BBB45 /* Main.storyboard */ = {
			isa = PBXVariantGroup;
			children = (
				B1207EAF24736B69002BBB45 /* Base */,
			);
			name = Main.storyboard;
			sourceTree = "<group>";
		};
		B1207EB324736B6A002BBB45 /* LaunchScreen.storyboard */ = {
			isa = PBXVariantGroup;
			children = (
				B1207EB424736B6A002BBB45 /* Base */,
			);
			name = LaunchScreen.storyboard;
			sourceTree = "<group>";
		};
/* End PBXVariantGroup section */

/* Begin XCBuildConfiguration section */
		B1207EB724736B6A002BBB45 /* Debug */ = {
			isa = XCBuildConfiguration;
			buildSettings = {
				ALWAYS_SEARCH_USER_PATHS = NO;
				CLANG_ANALYZER_NONNULL = YES;
				CLANG_ANALYZER_NUMBER_OBJECT_CONVERSION = YES_AGGRESSIVE;
				CLANG_CXX_LANGUAGE_STANDARD = "gnu++14";
				CLANG_CXX_LIBRARY = "libc++";
				CLANG_ENABLE_MODULES = YES;
				CLANG_ENABLE_OBJC_ARC = YES;
				CLANG_ENABLE_OBJC_WEAK = YES;
				CLANG_WARN_BLOCK_CAPTURE_AUTORELEASING = YES;
				CLANG_WARN_BOOL_CONVERSION = YES;
				CLANG_WARN_COMMA = YES;
				CLANG_WARN_CONSTANT_CONVERSION = YES;
				CLANG_WARN_DEPRECATED_OBJC_IMPLEMENTATIONS = YES;
				CLANG_WARN_DIRECT_OBJC_ISA_USAGE = YES_ERROR;
				CLANG_WARN_DOCUMENTATION_COMMENTS = YES;
				CLANG_WARN_EMPTY_BODY = YES;
				CLANG_WARN_ENUM_CONVERSION = YES;
				CLANG_WARN_INFINITE_RECURSION = YES;
				CLANG_WARN_INT_CONVERSION = YES;
				CLANG_WARN_NON_LITERAL_NULL_CONVERSION = YES;
				CLANG_WARN_OBJC_IMPLICIT_RETAIN_SELF = YES;
				CLANG_WARN_OBJC_LITERAL_CONVERSION = YES;
				CLANG_WARN_OBJC_ROOT_CLASS = YES_ERROR;
				CLANG_WARN_RANGE_LOOP_ANALYSIS = YES;
				CLANG_WARN_STRICT_PROTOTYPES = YES;
				CLANG_WARN_SUSPICIOUS_MOVE = YES;
				CLANG_WARN_UNGUARDED_AVAILABILITY = YES_AGGRESSIVE;
				CLANG_WARN_UNREACHABLE_CODE = YES;
				CLANG_WARN__DUPLICATE_METHOD_MATCH = YES;
				COPY_PHASE_STRIP = NO;
				DEBUG_INFORMATION_FORMAT = dwarf;
				ENABLE_STRICT_OBJC_MSGSEND = YES;
				ENABLE_TESTABILITY = YES;
				GCC_C_LANGUAGE_STANDARD = gnu11;
				GCC_DYNAMIC_NO_PIC = NO;
				GCC_NO_COMMON_BLOCKS = YES;
				GCC_OPTIMIZATION_LEVEL = 0;
				GCC_PREPROCESSOR_DEFINITIONS = (
					"DEBUG=1",
					"$(inherited)",
				);
				GCC_WARN_64_TO_32_BIT_CONVERSION = YES;
				GCC_WARN_ABOUT_RETURN_TYPE = YES_ERROR;
				GCC_WARN_UNDECLARED_SELECTOR = YES;
				GCC_WARN_UNINITIALIZED_AUTOS = YES_AGGRESSIVE;
				GCC_WARN_UNUSED_FUNCTION = YES;
				GCC_WARN_UNUSED_VARIABLE = YES;
				IPHONEOS_DEPLOYMENT_TARGET = 13.4;
				MTL_ENABLE_DEBUG_INFO = INCLUDE_SOURCE;
				MTL_FAST_MATH = YES;
				ONLY_ACTIVE_ARCH = YES;
				SDKROOT = iphoneos;
				SWIFT_ACTIVE_COMPILATION_CONDITIONS = DEBUG;
				SWIFT_OPTIMIZATION_LEVEL = "-Onone";
			};
			name = Debug;
		};
		B1207EB824736B6A002BBB45 /* Release */ = {
			isa = XCBuildConfiguration;
			buildSettings = {
				ALWAYS_SEARCH_USER_PATHS = NO;
				CLANG_ANALYZER_NONNULL = YES;
				CLANG_ANALYZER_NUMBER_OBJECT_CONVERSION = YES_AGGRESSIVE;
				CLANG_CXX_LANGUAGE_STANDARD = "gnu++14";
				CLANG_CXX_LIBRARY = "libc++";
				CLANG_ENABLE_MODULES = YES;
				CLANG_ENABLE_OBJC_ARC = YES;
				CLANG_ENABLE_OBJC_WEAK = YES;
				CLANG_WARN_BLOCK_CAPTURE_AUTORELEASING = YES;
				CLANG_WARN_BOOL_CONVERSION = YES;
				CLANG_WARN_COMMA = YES;
				CLANG_WARN_CONSTANT_CONVERSION = YES;
				CLANG_WARN_DEPRECATED_OBJC_IMPLEMENTATIONS = YES;
				CLANG_WARN_DIRECT_OBJC_ISA_USAGE = YES_ERROR;
				CLANG_WARN_DOCUMENTATION_COMMENTS = YES;
				CLANG_WARN_EMPTY_BODY = YES;
				CLANG_WARN_ENUM_CONVERSION = YES;
				CLANG_WARN_INFINITE_RECURSION = YES;
				CLANG_WARN_INT_CONVERSION = YES;
				CLANG_WARN_NON_LITERAL_NULL_CONVERSION = YES;
				CLANG_WARN_OBJC_IMPLICIT_RETAIN_SELF = YES;
				CLANG_WARN_OBJC_LITERAL_CONVERSION = YES;
				CLANG_WARN_OBJC_ROOT_CLASS = YES_ERROR;
				CLANG_WARN_RANGE_LOOP_ANALYSIS = YES;
				CLANG_WARN_STRICT_PROTOTYPES = YES;
				CLANG_WARN_SUSPICIOUS_MOVE = YES;
				CLANG_WARN_UNGUARDED_AVAILABILITY = YES_AGGRESSIVE;
				CLANG_WARN_UNREACHABLE_CODE = YES;
				CLANG_WARN__DUPLICATE_METHOD_MATCH = YES;
				COPY_PHASE_STRIP = NO;
				DEBUG_INFORMATION_FORMAT = "dwarf-with-dsym";
				ENABLE_NS_ASSERTIONS = NO;
				ENABLE_STRICT_OBJC_MSGSEND = YES;
				GCC_C_LANGUAGE_STANDARD = gnu11;
				GCC_NO_COMMON_BLOCKS = YES;
				GCC_WARN_64_TO_32_BIT_CONVERSION = YES;
				GCC_WARN_ABOUT_RETURN_TYPE = YES_ERROR;
				GCC_WARN_UNDECLARED_SELECTOR = YES;
				GCC_WARN_UNINITIALIZED_AUTOS = YES_AGGRESSIVE;
				GCC_WARN_UNUSED_FUNCTION = YES;
				GCC_WARN_UNUSED_VARIABLE = YES;
				IPHONEOS_DEPLOYMENT_TARGET = 13.4;
				MTL_ENABLE_DEBUG_INFO = NO;
				MTL_FAST_MATH = YES;
				SDKROOT = iphoneos;
				SWIFT_COMPILATION_MODE = wholemodule;
				SWIFT_OPTIMIZATION_LEVEL = "-O";
				VALIDATE_PRODUCT = YES;
			};
			name = Release;
		};
		B1207EBA24736B6A002BBB45 /* Debug */ = {
			isa = XCBuildConfiguration;
			buildSettings = {
				ASSETCATALOG_COMPILER_APPICON_NAME = AppIcon;
				CODE_SIGN_STYLE = Automatic;
				DEVELOPMENT_TEAM = W7ULA4X9L6;
				INFOPLIST_FILE = MyRunApp/Info.plist;
				LD_RUNPATH_SEARCH_PATHS = (
					"$(inherited)",
					"@executable_path/Frameworks",
				);
				PRODUCT_BUNDLE_IDENTIFIER = com.abneyanalytics.MyRunApp;
				PRODUCT_NAME = "$(TARGET_NAME)";
				SWIFT_VERSION = 5.0;
				TARGETED_DEVICE_FAMILY = 1;
			};
			name = Debug;
		};
		B1207EBB24736B6A002BBB45 /* Release */ = {
			isa = XCBuildConfiguration;
			buildSettings = {
				ASSETCATALOG_COMPILER_APPICON_NAME = AppIcon;
				CODE_SIGN_STYLE = Automatic;
				DEVELOPMENT_TEAM = W7ULA4X9L6;
				INFOPLIST_FILE = MyRunApp/Info.plist;
				LD_RUNPATH_SEARCH_PATHS = (
					"$(inherited)",
					"@executable_path/Frameworks",
				);
				PRODUCT_BUNDLE_IDENTIFIER = com.abneyanalytics.MyRunApp;
				PRODUCT_NAME = "$(TARGET_NAME)";
				SWIFT_VERSION = 5.0;
				TARGETED_DEVICE_FAMILY = 1;
			};
			name = Release;
		};
/* End XCBuildConfiguration section */

/* Begin XCConfigurationList section */
		B1207EA024736B69002BBB45 /* Build configuration list for PBXProject "MyRunApp" */ = {
			isa = XCConfigurationList;
			buildConfigurations = (
				B1207EB724736B6A002BBB45 /* Debug */,
				B1207EB824736B6A002BBB45 /* Release */,
			);
			defaultConfigurationIsVisible = 0;
			defaultConfigurationName = Release;
		};
		B1207EB924736B6A002BBB45 /* Build configuration list for PBXNativeTarget "MyRunApp" */ = {
			isa = XCConfigurationList;
			buildConfigurations = (
				B1207EBA24736B6A002BBB45 /* Debug */,
				B1207EBB24736B6A002BBB45 /* Release */,
			);
			defaultConfigurationIsVisible = 0;
			defaultConfigurationName = Release;
		};
/* End XCConfigurationList section */
	};
	rootObject = B1207E9D24736B69002BBB45 /* Project object */;
}
